{
  "nodes": {
    "nixpkgs": {
      "locked": {
        "lastModified": 1613802177,
        "narHash": "sha256-KArRn6+roF0XaL6vti3GcfE47FxWG1SnJrBkXWpS1uk=",
        "owner": "NixOS",
        "repo": "nixpkgs",
        "rev": "a964d7094a30316f0f25dbe6dad5fb8b1878f57c",
        "type": "github"
      },
      "original": {
        "owner": "NixOS",
        "ref": "nixpkgs-unstable",
        "repo": "nixpkgs",
        "type": "github"
      }
    },
    "root": {
      "inputs": {
        "nixpkgs": "nixpkgs"
      }
    }
  },
  "root": "root",
  "version": 7
}
